
Microsoft Visual Studio Solution File, Format Version 12.00
# Visual Studio Version 17
VisualStudioVersion = 17.2.32526.322
MinimumVisualStudioVersion = 10.0.40219.1
Project("{8BC9CEB8-8B4A-11D0-8D11-00A0C91BC942}") = "__project__", "__project__\__project__.vcxproj", "{AAAAAAAA-AAAA-AAAA-AAAA-AAAAAAAAAA01}"
EndProject
Project("{2150E333-8FDC-42A3-9474-1A3956D46DE8}") = "sdl2pckg", "sdl2pckg", "{4A2E03FB-FBB5-4066-8AD4-B3E97372FF2A}"
EndProject
Project("{2150E333-8FDC-42A3-9474-1A3956D46DE8}") = "libcugl", "libcugl", "{370C058D-7815-4FB0-9E63-AC702B02CC51}"
EndProject
Project("{2150E333-8FDC-42A3-9474-1A3956D46DE8}") = "cugl-audio", "cugl-audio", "{F2EFDF2A-49EA-4FFB-B573-036481F0E709}"
EndProject
Project("{2150E333-8FDC-42A3-9474-1A3956D46DE8}") = "cugl-core", "cugl-core", "{EEB76177-A964-4E33-818B-213A816C2103}"
EndProject
Project("{2150E333-8FDC-42A3-9474-1A3956D46DE8}") = "cugl-graphics", "cugl-graphics", "{36FA4024-2BC0-4AB8-B9FF-EF7A68BBB0D3}"
EndProject
Project("{2150E333-8FDC-42A3-9474-1A3956D46DE8}") = "cugl-physics2", "cugl-physics2", "{3AB9972A-888A-4435-A7B8-E44ACCF59B5A}"
EndProject
Project("{2150E333-8FDC-42A3-9474-1A3956D46DE8}") = "cugl-netcode", "cugl-netcode", "{D70418CF-3309-49A9-8FD9-B87AA9930C69}"
EndProject
Project("{2150E333-8FDC-42A3-9474-1A3956D46DE8}") = "cugl-distrib-physics2", "cugl-distrib-physics2", "{12037762-3F2F-4287-BB27-F9E8BE442269}"
EndProject
Project("{2150E333-8FDC-42A3-9474-1A3956D46DE8}") = "cugl-scene2", "cugl-scene2", "{B555C4A4-A2E1-452D-BD1E-0C370C435056}"
EndProject
Project("{2150E333-8FDC-42A3-9474-1A3956D46DE8}") = "cugl-scene3", "cugl-scene3", "{E8825738-18C0-4454-8785-673B66EACA99}"
EndProject
Project("{2150E333-8FDC-42A3-9474-1A3956D46DE8}") = "libdatachannel", "libdatachannel", "{CC0EDCFB-C5A6-4BB2-A6DD-A43288D677C5}"
EndProject
Project("{8BC9CEB8-8B4A-11D0-8D11-00A0C91BC942}") = "sdl2", "__BUILD_2_CUGL__\sdlapp\buildfiles\windows\sdl2\sdl2.vcxproj", "{81CE8DAF-EBB2-4761-8E45-B71ABCCA8C68}"
EndProject
Project("{8BC9CEB8-8B4A-11D0-8D11-00A0C91BC942}") = "sdl2main", "__BUILD_2_CUGL__\sdlapp\buildfiles\windows\sdl2main\sdl2main.vcxproj", "{DA956FD3-E142-46F2-9DD5-C78BEBB56B7A}"
EndProject
Project("{8BC9CEB8-8B4A-11D0-8D11-00A0C91BC942}") = "sdl2app", "__BUILD_2_CUGL__\sdlapp\buildfiles\windows\sdl2app\sdl2app.vcxproj", "{AF490661-A652-4D5B-9CEE-75536D8330C4}"
EndProject
Project("{8BC9CEB8-8B4A-11D0-8D11-00A0C91BC942}") = "sdl2image", "__BUILD_2_CUGL__\sdlapp\buildfiles\windows\sdl2image\sdl2image.vcxproj", "{2BD5534E-00E2-4BEA-AC96-D9A92EA24696}"
EndProject
Project("{8BC9CEB8-8B4A-11D0-8D11-00A0C91BC942}") = "sdl2ttf", "__BUILD_2_CUGL__\sdlapp\buildfiles\windows\sdl2ttf\sdl2ttf.vcxproj", "{DDDBD07D-DC76-4AF6-8D02-3E2DEB6EE255}"
EndProject
Project("{8BC9CEB8-8B4A-11D0-8D11-00A0C91BC942}") = "sdl2atk", "__BUILD_2_CUGL__\sdlapp\buildfiles\windows\sdl2atk\sdl2atk.vcxproj", "{531302A4-1972-4DD5-A0CD-24EE1D93D2FB}"
EndProject
Project("{8BC9CEB8-8B4A-11D0-8D11-00A0C91BC942}") = "cugl-audio", "__BUILD_2_CUGL__\buildfiles\windows\cugl-audio\cugl-audio.vcxproj", "{F8748A4B-09DA-4738-BA8E-A803B972B2DA}"
EndProject
Project("{8BC9CEB8-8B4A-11D0-8D11-00A0C91BC942}") = "cugl-core", "cugl-core\cugl-core.vcxproj", "{1EF11169-0BB7-438F-A0A8-E091DDABA512}"
EndProject
Project("{8BC9CEB8-8B4A-11D0-8D11-00A0C91BC942}") = "cugl-graphics", "__BUILD_2_CUGL__\buildfiles\windows\cugl-graphics\cugl-graphics.vcxproj", "{B6B90309-0F84-4720-8C57-B4F07D0148E1}"
EndProject
Project("{8BC9CEB8-8B4A-11D0-8D11-00A0C91BC942}") = "cugl-physics2", "__BUILD_2_CUGL__\buildfiles\windows\cugl-physics2\cugl-physics2.vcxproj", "{D760AAB9-E462-4798-B80F-F84A9AE30540}"
EndProject
Project("{8BC9CEB8-8B4A-11D0-8D11-00A0C91BC942}") = "cugl-netcode", "__BUILD_2_CUGL__\buildfiles\windows\cugl-netcode\cugl-netcode.vcxproj", "{9C944826-FC11-43A6-A70D-4B5507542E39}"
EndProject
Project("{8BC9CEB8-8B4A-11D0-8D11-00A0C91BC942}") = "cugl-distrib-physics2", "__BUILD_2_CUGL__\buildfiles\windows\cugl-distrib-physics2\cugl-distrib-physics2.vcxproj", "{0B582C4D-2886-494D-A585-1E90152E337F}"
EndProject
Project("{8BC9CEB8-8B4A-11D0-8D11-00A0C91BC942}") = "cugl-scene2", "__BUILD_2_CUGL__\buildfiles\windows\cugl-scene2\cugl-scene2.vcxproj", "{DE320596-02AB-43D4-A9D4-C7D7C4BF9749}"
EndProject
Project("{8BC9CEB8-8B4A-11D0-8D11-00A0C91BC942}") = "cugl-scene3", "__BUILD_2_CUGL__\buildfiles\windows\cugl-scene3\cugl-scene3.vcxproj", "{1BD80952-C4C8-4752-8AF6-799139FA6422}"
EndProject
Project("{8BC9CEB8-8B4A-11D0-8D11-00A0C91BC942}") = "poly2tri", "__BUILD_2_CUGL__\buildfiles\windows\cugl-core\poly2tri\poly2tri.vcxproj", "{88095B91-162E-4F58-9D8A-F3BF3F9B1213}"
EndProject
Project("{8BC9CEB8-8B4A-11D0-8D11-00A0C91BC942}") = "box2d", "__BUILD_2_CUGL__\buildfiles\windows\cugl-physics2\box2d\box2d.vcxproj", "{CF0DEAB9-A4E9-4BFC-B58C-E28DAE7D45DE}"
EndProject
Project("{8BC9CEB8-8B4A-11D0-8D11-00A0C91BC942}") = "crypto", "__BUILD_2_CUGL__\buildfiles\windows\cugl-netcode\datachannel\crypto\crypto.vcxproj", "{D98ACEC5-2AB7-4E6F-84A6-8F3F94020BF6}"
EndProject
Project("{8BC9CEB8-8B4A-11D0-8D11-00A0C91BC942}") = "juice", "__BUILD_2_CUGL__\buildfiles\windows\cugl-netcode\datachannel\juice\juice.vcxproj", "{A4F96796-B98B-4863-8CBA-B026C8A6B4D8}"
EndProject
Project("{8BC9CEB8-8B4A-11D0-8D11-00A0C91BC942}") = "srtp2", "__BUILD_2_CUGL__\buildfiles\windows\cugl-netcode\datachannel\srtp2\srtp2.vcxproj", "{1748028F-F5CC-4159-A0EB-C5D1DF08346E}"
EndProject
Project("{8BC9CEB8-8B4A-11D0-8D11-00A0C91BC942}") = "ssl", "__BUILD_2_CUGL__\buildfiles\windows\cugl-netcode\datachannel\ssl\ssl.vcxproj", "{49A05978-E401-4926-A385-767F594075E3}"
EndProject
Project("{8BC9CEB8-8B4A-11D0-8D11-00A0C91BC942}") = "usrsctp", "__BUILD_2_CUGL__\buildfiles\windows\cugl-netcode\datachannel\usrsctp\usrsctp.vcxproj", "{E8A8D857-421E-4A57-A2A5-4EAA9B863C5B}"
EndProject
Project("{8BC9CEB8-8B4A-11D0-8D11-00A0C91BC942}") = "datachannel", "__BUILD_2_CUGL__\buildfiles\windows\cugl-netcode\datachannel\datachannel\datachannel.vcxproj", "{2055C252-BBA1-4BC7-A00A-1787C84EE48F}"
EndProject
Global
	GlobalSection(SolutionConfigurationPlatforms) = preSolution
		Debug|x64 = Debug|x64
		Debug|x86 = Debug|x86
		Release|x64 = Release|x64
		Release|x86 = Release|x86
	EndGlobalSection
	GlobalSection(ProjectConfigurationPlatforms) = postSolution
		{AAAAAAAA-AAAA-AAAA-AAAA-AAAAAAAAAA01}.Debug|x64.ActiveCfg = Debug|x64
		{AAAAAAAA-AAAA-AAAA-AAAA-AAAAAAAAAA01}.Debug|x64.Build.0 = Debug|x64
		{AAAAAAAA-AAAA-AAAA-AAAA-AAAAAAAAAA01}.Debug|x86.ActiveCfg = Debug|Win32
		{AAAAAAAA-AAAA-AAAA-AAAA-AAAAAAAAAA01}.Debug|x86.Build.0 = Debug|Win32
		{AAAAAAAA-AAAA-AAAA-AAAA-AAAAAAAAAA01}.Release|x64.ActiveCfg = Release|x64
		{AAAAAAAA-AAAA-AAAA-AAAA-AAAAAAAAAA01}.Release|x64.Build.0 = Release|x64
		{AAAAAAAA-AAAA-AAAA-AAAA-AAAAAAAAAA01}.Release|x86.ActiveCfg = Release|Win32
		{AAAAAAAA-AAAA-AAAA-AAAA-AAAAAAAAAA01}.Release|x86.Build.0 = Release|Win32
		{81CE8DAF-EBB2-4761-8E45-B71ABCCA8C68}.Debug|x64.ActiveCfg = Debug|x64
		{81CE8DAF-EBB2-4761-8E45-B71ABCCA8C68}.Debug|x64.Build.0 = Debug|x64
		{81CE8DAF-EBB2-4761-8E45-B71ABCCA8C68}.Debug|x86.ActiveCfg = Debug|Win32
		{81CE8DAF-EBB2-4761-8E45-B71ABCCA8C68}.Debug|x86.Build.0 = Debug|Win32
		{81CE8DAF-EBB2-4761-8E45-B71ABCCA8C68}.Release|x64.ActiveCfg = Release|x64
		{81CE8DAF-EBB2-4761-8E45-B71ABCCA8C68}.Release|x64.Build.0 = Release|x64
		{81CE8DAF-EBB2-4761-8E45-B71ABCCA8C68}.Release|x86.ActiveCfg = Release|Win32
		{81CE8DAF-EBB2-4761-8E45-B71ABCCA8C68}.Release|x86.Build.0 = Release|Win32
		{DA956FD3-E142-46F2-9DD5-C78BEBB56B7A}.Debug|x64.ActiveCfg = Debug|x64
		{DA956FD3-E142-46F2-9DD5-C78BEBB56B7A}.Debug|x64.Build.0 = Debug|x64
		{DA956FD3-E142-46F2-9DD5-C78BEBB56B7A}.Debug|x86.ActiveCfg = Debug|Win32
		{DA956FD3-E142-46F2-9DD5-C78BEBB56B7A}.Debug|x86.Build.0 = Debug|Win32
		{DA956FD3-E142-46F2-9DD5-C78BEBB56B7A}.Release|x64.ActiveCfg = Release|x64
		{DA956FD3-E142-46F2-9DD5-C78BEBB56B7A}.Release|x64.Build.0 = Release|x64
		{DA956FD3-E142-46F2-9DD5-C78BEBB56B7A}.Release|x86.ActiveCfg = Release|Win32
		{DA956FD3-E142-46F2-9DD5-C78BEBB56B7A}.Release|x86.Build.0 = Release|Win32
		{AF490661-A652-4D5B-9CEE-75536D8330C4}.Debug|x64.ActiveCfg = Debug|x64
		{AF490661-A652-4D5B-9CEE-75536D8330C4}.Debug|x64.Build.0 = Debug|x64
		{AF490661-A652-4D5B-9CEE-75536D8330C4}.Debug|x86.ActiveCfg = Debug|Win32
		{AF490661-A652-4D5B-9CEE-75536D8330C4}.Debug|x86.Build.0 = Debug|Win32
		{AF490661-A652-4D5B-9CEE-75536D8330C4}.Release|x64.ActiveCfg = Release|x64
		{AF490661-A652-4D5B-9CEE-75536D8330C4}.Release|x64.Build.0 = Release|x64
		{AF490661-A652-4D5B-9CEE-75536D8330C4}.Release|x86.ActiveCfg = Release|Win32
		{AF490661-A652-4D5B-9CEE-75536D8330C4}.Release|x86.Build.0 = Release|Win32
		{2BD5534E-00E2-4BEA-AC96-D9A92EA24696}.Debug|x64.ActiveCfg = Debug|x64
		{2BD5534E-00E2-4BEA-AC96-D9A92EA24696}.Debug|x64.Build.0 = Debug|x64
		{2BD5534E-00E2-4BEA-AC96-D9A92EA24696}.Debug|x86.ActiveCfg = Debug|Win32
		{2BD5534E-00E2-4BEA-AC96-D9A92EA24696}.Debug|x86.Build.0 = Debug|Win32
		{2BD5534E-00E2-4BEA-AC96-D9A92EA24696}.Release|x64.ActiveCfg = Release|x64
		{2BD5534E-00E2-4BEA-AC96-D9A92EA24696}.Release|x64.Build.0 = Release|x64
		{2BD5534E-00E2-4BEA-AC96-D9A92EA24696}.Release|x86.ActiveCfg = Release|Win32
		{2BD5534E-00E2-4BEA-AC96-D9A92EA24696}.Release|x86.Build.0 = Release|Win32
		{DDDBD07D-DC76-4AF6-8D02-3E2DEB6EE255}.Debug|x64.ActiveCfg = Debug|x64
		{DDDBD07D-DC76-4AF6-8D02-3E2DEB6EE255}.Debug|x64.Build.0 = Debug|x64
		{DDDBD07D-DC76-4AF6-8D02-3E2DEB6EE255}.Debug|x86.ActiveCfg = Debug|Win32
		{DDDBD07D-DC76-4AF6-8D02-3E2DEB6EE255}.Debug|x86.Build.0 = Debug|Win32
		{DDDBD07D-DC76-4AF6-8D02-3E2DEB6EE255}.Release|x64.ActiveCfg = Release|x64
		{DDDBD07D-DC76-4AF6-8D02-3E2DEB6EE255}.Release|x64.Build.0 = Release|x64
		{DDDBD07D-DC76-4AF6-8D02-3E2DEB6EE255}.Release|x86.ActiveCfg = Release|Win32
		{DDDBD07D-DC76-4AF6-8D02-3E2DEB6EE255}.Release|x86.Build.0 = Release|Win32
		{531302A4-1972-4DD5-A0CD-24EE1D93D2FB}.Debug|x64.ActiveCfg = Debug|x64
		{531302A4-1972-4DD5-A0CD-24EE1D93D2FB}.Debug|x64.Build.0 = Debug|x64
		{531302A4-1972-4DD5-A0CD-24EE1D93D2FB}.Debug|x86.ActiveCfg = Debug|Win32
		{531302A4-1972-4DD5-A0CD-24EE1D93D2FB}.Debug|x86.Build.0 = Debug|Win32
		{531302A4-1972-4DD5-A0CD-24EE1D93D2FB}.Release|x64.ActiveCfg = Release|x64
		{531302A4-1972-4DD5-A0CD-24EE1D93D2FB}.Release|x64.Build.0 = Release|x64
		{531302A4-1972-4DD5-A0CD-24EE1D93D2FB}.Release|x86.ActiveCfg = Release|Win32
		{531302A4-1972-4DD5-A0CD-24EE1D93D2FB}.Release|x86.Build.0 = Release|Win32
		{F8748A4B-09DA-4738-BA8E-A803B972B2DA}.Debug|x64.ActiveCfg = Debug|x64
		{F8748A4B-09DA-4738-BA8E-A803B972B2DA}.Debug|x64.Build.0 = Debug|x64
		{F8748A4B-09DA-4738-BA8E-A803B972B2DA}.Debug|x86.ActiveCfg = Debug|Win32
		{F8748A4B-09DA-4738-BA8E-A803B972B2DA}.Debug|x86.Build.0 = Debug|Win32
		{F8748A4B-09DA-4738-BA8E-A803B972B2DA}.Release|x64.ActiveCfg = Release|x64
		{F8748A4B-09DA-4738-BA8E-A803B972B2DA}.Release|x64.Build.0 = Release|x64
		{F8748A4B-09DA-4738-BA8E-A803B972B2DA}.Release|x86.ActiveCfg = Release|Win32
		{F8748A4B-09DA-4738-BA8E-A803B972B2DA}.Release|x86.Build.0 = Release|Win32
		{1EF11169-0BB7-438F-A0A8-E091DDABA512}.Debug|x64.ActiveCfg = Debug|x64
		{1EF11169-0BB7-438F-A0A8-E091DDABA512}.Debug|x64.Build.0 = Debug|x64
		{1EF11169-0BB7-438F-A0A8-E091DDABA512}.Debug|x86.ActiveCfg = Debug|Win32
		{1EF11169-0BB7-438F-A0A8-E091DDABA512}.Debug|x86.Build.0 = Debug|Win32
		{1EF11169-0BB7-438F-A0A8-E091DDABA512}.Release|x64.ActiveCfg = Release|x64
		{1EF11169-0BB7-438F-A0A8-E091DDABA512}.Release|x64.Build.0 = Release|x64
		{1EF11169-0BB7-438F-A0A8-E091DDABA512}.Release|x86.ActiveCfg = Release|Win32
		{1EF11169-0BB7-438F-A0A8-E091DDABA512}.Release|x86.Build.0 = Release|Win32
		{B6B90309-0F84-4720-8C57-B4F07D0148E1}.Debug|x64.ActiveCfg = Debug|x64
		{B6B90309-0F84-4720-8C57-B4F07D0148E1}.Debug|x64.Build.0 = Debug|x64
		{B6B90309-0F84-4720-8C57-B4F07D0148E1}.Debug|x86.ActiveCfg = Debug|Win32
		{B6B90309-0F84-4720-8C57-B4F07D0148E1}.Debug|x86.Build.0 = Debug|Win32
		{B6B90309-0F84-4720-8C57-B4F07D0148E1}.Release|x64.ActiveCfg = Release|x64
		{B6B90309-0F84-4720-8C57-B4F07D0148E1}.Release|x64.Build.0 = Release|x64
		{B6B90309-0F84-4720-8C57-B4F07D0148E1}.Release|x86.ActiveCfg = Release|Win32
		{B6B90309-0F84-4720-8C57-B4F07D0148E1}.Release|x86.Build.0 = Release|Win32
		{D760AAB9-E462-4798-B80F-F84A9AE30540}.Debug|x64.ActiveCfg = Debug|x64
		{D760AAB9-E462-4798-B80F-F84A9AE30540}.Debug|x64.Build.0 = Debug|x64
		{D760AAB9-E462-4798-B80F-F84A9AE30540}.Debug|x86.ActiveCfg = Debug|Win32
		{D760AAB9-E462-4798-B80F-F84A9AE30540}.Debug|x86.Build.0 = Debug|Win32
		{D760AAB9-E462-4798-B80F-F84A9AE30540}.Release|x64.ActiveCfg = Release|x64
		{D760AAB9-E462-4798-B80F-F84A9AE30540}.Release|x64.Build.0 = Release|x64
		{D760AAB9-E462-4798-B80F-F84A9AE30540}.Release|x86.ActiveCfg = Release|Win32
		{D760AAB9-E462-4798-B80F-F84A9AE30540}.Release|x86.Build.0 = Release|Win32
		{9C944826-FC11-43A6-A70D-4B5507542E39}.Debug|x64.ActiveCfg = Debug|x64
		{9C944826-FC11-43A6-A70D-4B5507542E39}.Debug|x64.Build.0 = Debug|x64
		{9C944826-FC11-43A6-A70D-4B5507542E39}.Debug|x86.ActiveCfg = Debug|Win32
		{9C944826-FC11-43A6-A70D-4B5507542E39}.Debug|x86.Build.0 = Debug|Win32
		{9C944826-FC11-43A6-A70D-4B5507542E39}.Release|x64.ActiveCfg = Release|x64
		{9C944826-FC11-43A6-A70D-4B5507542E39}.Release|x64.Build.0 = Release|x64
		{9C944826-FC11-43A6-A70D-4B5507542E39}.Release|x86.ActiveCfg = Release|Win32
		{9C944826-FC11-43A6-A70D-4B5507542E39}.Release|x86.Build.0 = Release|Win32
		{0B582C4D-2886-494D-A585-1E90152E337F}.Debug|x64.ActiveCfg = Debug|x64
		{0B582C4D-2886-494D-A585-1E90152E337F}.Debug|x64.Build.0 = Debug|x64
		{0B582C4D-2886-494D-A585-1E90152E337F}.Debug|x86.ActiveCfg = Debug|Win32
		{0B582C4D-2886-494D-A585-1E90152E337F}.Debug|x86.Build.0 = Debug|Win32
		{0B582C4D-2886-494D-A585-1E90152E337F}.Release|x64.ActiveCfg = Release|x64
		{0B582C4D-2886-494D-A585-1E90152E337F}.Release|x64.Build.0 = Release|x64
		{0B582C4D-2886-494D-A585-1E90152E337F}.Release|x86.ActiveCfg = Release|Win32
		{0B582C4D-2886-494D-A585-1E90152E337F}.Release|x86.Build.0 = Release|Win32
		{DE320596-02AB-43D4-A9D4-C7D7C4BF9749}.Debug|x64.ActiveCfg = Debug|x64
		{DE320596-02AB-43D4-A9D4-C7D7C4BF9749}.Debug|x64.Build.0 = Debug|x64
		{DE320596-02AB-43D4-A9D4-C7D7C4BF9749}.Debug|x86.ActiveCfg = Debug|Win32
		{DE320596-02AB-43D4-A9D4-C7D7C4BF9749}.Debug|x86.Build.0 = Debug|Win32
		{DE320596-02AB-43D4-A9D4-C7D7C4BF9749}.Release|x64.ActiveCfg = Release|x64
		{DE320596-02AB-43D4-A9D4-C7D7C4BF9749}.Release|x64.Build.0 = Release|x64
		{DE320596-02AB-43D4-A9D4-C7D7C4BF9749}.Release|x86.ActiveCfg = Release|Win32
		{DE320596-02AB-43D4-A9D4-C7D7C4BF9749}.Release|x86.Build.0 = Release|Win32
		{1BD80952-C4C8-4752-8AF6-799139FA6422}.Debug|x64.ActiveCfg = Debug|x64
		{1BD80952-C4C8-4752-8AF6-799139FA6422}.Debug|x64.Build.0 = Debug|x64
		{1BD80952-C4C8-4752-8AF6-799139FA6422}.Debug|x86.ActiveCfg = Debug|Win32
		{1BD80952-C4C8-4752-8AF6-799139FA6422}.Debug|x86.Build.0 = Debug|Win32
		{1BD80952-C4C8-4752-8AF6-799139FA6422}.Release|x64.ActiveCfg = Release|x64
		{1BD80952-C4C8-4752-8AF6-799139FA6422}.Release|x64.Build.0 = Release|x64
		{1BD80952-C4C8-4752-8AF6-799139FA6422}.Release|x86.ActiveCfg = Release|Win32
		{1BD80952-C4C8-4752-8AF6-799139FA6422}.Release|x86.Build.0 = Release|Win32
		{88095B91-162E-4F58-9D8A-F3BF3F9B1213}.Debug|x64.ActiveCfg = Debug|x64
		{88095B91-162E-4F58-9D8A-F3BF3F9B1213}.Debug|x64.Build.0 = Debug|x64
		{88095B91-162E-4F58-9D8A-F3BF3F9B1213}.Debug|x86.ActiveCfg = Debug|Win32
		{88095B91-162E-4F58-9D8A-F3BF3F9B1213}.Debug|x86.Build.0 = Debug|Win32
		{88095B91-162E-4F58-9D8A-F3BF3F9B1213}.Release|x64.ActiveCfg = Release|x64
		{88095B91-162E-4F58-9D8A-F3BF3F9B1213}.Release|x64.Build.0 = Release|x64
		{88095B91-162E-4F58-9D8A-F3BF3F9B1213}.Release|x86.ActiveCfg = Release|Win32
		{88095B91-162E-4F58-9D8A-F3BF3F9B1213}.Release|x86.Build.0 = Release|Win32
		{CF0DEAB9-A4E9-4BFC-B58C-E28DAE7D45DE}.Debug|x64.ActiveCfg = Debug|x64
		{CF0DEAB9-A4E9-4BFC-B58C-E28DAE7D45DE}.Debug|x64.Build.0 = Debug|x64
		{CF0DEAB9-A4E9-4BFC-B58C-E28DAE7D45DE}.Debug|x86.ActiveCfg = Debug|Win32
		{CF0DEAB9-A4E9-4BFC-B58C-E28DAE7D45DE}.Debug|x86.Build.0 = Debug|Win32
		{CF0DEAB9-A4E9-4BFC-B58C-E28DAE7D45DE}.Release|x64.ActiveCfg = Release|x64
		{CF0DEAB9-A4E9-4BFC-B58C-E28DAE7D45DE}.Release|x64.Build.0 = Release|x64
		{CF0DEAB9-A4E9-4BFC-B58C-E28DAE7D45DE}.Release|x86.ActiveCfg = Release|Win32
		{CF0DEAB9-A4E9-4BFC-B58C-E28DAE7D45DE}.Release|x86.Build.0 = Release|Win32
		{D98ACEC5-2AB7-4E6F-84A6-8F3F94020BF6}.Debug|x64.ActiveCfg = Debug|x64
		{D98ACEC5-2AB7-4E6F-84A6-8F3F94020BF6}.Debug|x64.Build.0 = Debug|x64
		{D98ACEC5-2AB7-4E6F-84A6-8F3F94020BF6}.Debug|x86.ActiveCfg = Debug|Win32
		{D98ACEC5-2AB7-4E6F-84A6-8F3F94020BF6}.Debug|x86.Build.0 = Debug|Win32
		{D98ACEC5-2AB7-4E6F-84A6-8F3F94020BF6}.Release|x64.ActiveCfg = Release|x64
		{D98ACEC5-2AB7-4E6F-84A6-8F3F94020BF6}.Release|x64.Build.0 = Release|x64
		{D98ACEC5-2AB7-4E6F-84A6-8F3F94020BF6}.Release|x86.ActiveCfg = Release|Win32
		{D98ACEC5-2AB7-4E6F-84A6-8F3F94020BF6}.Release|x86.Build.0 = Release|Win32
		{A4F96796-B98B-4863-8CBA-B026C8A6B4D8}.Debug|x64.ActiveCfg = Debug|x64
		{A4F96796-B98B-4863-8CBA-B026C8A6B4D8}.Debug|x64.Build.0 = Debug|x64
		{A4F96796-B98B-4863-8CBA-B026C8A6B4D8}.Debug|x86.ActiveCfg = Debug|Win32
		{A4F96796-B98B-4863-8CBA-B026C8A6B4D8}.Debug|x86.Build.0 = Debug|Win32
		{A4F96796-B98B-4863-8CBA-B026C8A6B4D8}.Release|x64.ActiveCfg = Release|x64
		{A4F96796-B98B-4863-8CBA-B026C8A6B4D8}.Release|x64.Build.0 = Release|x64
		{A4F96796-B98B-4863-8CBA-B026C8A6B4D8}.Release|x86.ActiveCfg = Release|Win32
		{A4F96796-B98B-4863-8CBA-B026C8A6B4D8}.Release|x86.Build.0 = Release|Win32
		{1748028F-F5CC-4159-A0EB-C5D1DF08346E}.Debug|x64.ActiveCfg = Debug|x64
		{1748028F-F5CC-4159-A0EB-C5D1DF08346E}.Debug|x64.Build.0 = Debug|x64
		{1748028F-F5CC-4159-A0EB-C5D1DF08346E}.Debug|x86.ActiveCfg = Debug|Win32
		{1748028F-F5CC-4159-A0EB-C5D1DF08346E}.Debug|x86.Build.0 = Debug|Win32
		{1748028F-F5CC-4159-A0EB-C5D1DF08346E}.Release|x64.ActiveCfg = Release|x64
		{1748028F-F5CC-4159-A0EB-C5D1DF08346E}.Release|x64.Build.0 = Release|x64
		{1748028F-F5CC-4159-A0EB-C5D1DF08346E}.Release|x86.ActiveCfg = Release|Win32
		{1748028F-F5CC-4159-A0EB-C5D1DF08346E}.Release|x86.Build.0 = Release|Win32
		{49A05978-E401-4926-A385-767F594075E3}.Debug|x64.ActiveCfg = Debug|x64
		{49A05978-E401-4926-A385-767F594075E3}.Debug|x64.Build.0 = Debug|x64
		{49A05978-E401-4926-A385-767F594075E3}.Debug|x86.ActiveCfg = Debug|Win32
		{49A05978-E401-4926-A385-767F594075E3}.Debug|x86.Build.0 = Debug|Win32
		{49A05978-E401-4926-A385-767F594075E3}.Release|x64.ActiveCfg = Release|x64
		{49A05978-E401-4926-A385-767F594075E3}.Release|x64.Build.0 = Release|x64
		{49A05978-E401-4926-A385-767F594075E3}.Release|x86.ActiveCfg = Release|Win32
		{49A05978-E401-4926-A385-767F594075E3}.Release|x86.Build.0 = Release|Win32
		{E8A8D857-421E-4A57-A2A5-4EAA9B863C5B}.Debug|x64.ActiveCfg = Debug|x64
		{E8A8D857-421E-4A57-A2A5-4EAA9B863C5B}.Debug|x64.Build.0 = Debug|x64
		{E8A8D857-421E-4A57-A2A5-4EAA9B863C5B}.Debug|x86.ActiveCfg = Debug|Win32
		{E8A8D857-421E-4A57-A2A5-4EAA9B863C5B}.Debug|x86.Build.0 = Debug|Win32
		{E8A8D857-421E-4A57-A2A5-4EAA9B863C5B}.Release|x64.ActiveCfg = Release|x64
		{E8A8D857-421E-4A57-A2A5-4EAA9B863C5B}.Release|x64.Build.0 = Release|x64
		{E8A8D857-421E-4A57-A2A5-4EAA9B863C5B}.Release|x86.ActiveCfg = Release|Win32
		{E8A8D857-421E-4A57-A2A5-4EAA9B863C5B}.Release|x86.Build.0 = Release|Win32
		{2055C252-BBA1-4BC7-A00A-1787C84EE48F}.Debug|x64.ActiveCfg = Debug|x64
		{2055C252-BBA1-4BC7-A00A-1787C84EE48F}.Debug|x64.Build.0 = Debug|x64
		{2055C252-BBA1-4BC7-A00A-1787C84EE48F}.Debug|x86.ActiveCfg = Debug|Win32
		{2055C252-BBA1-4BC7-A00A-1787C84EE48F}.Debug|x86.Build.0 = Debug|Win32
		{2055C252-BBA1-4BC7-A00A-1787C84EE48F}.Release|x64.ActiveCfg = Release|x64
		{2055C252-BBA1-4BC7-A00A-1787C84EE48F}.Release|x64.Build.0 = Release|x64
		{2055C252-BBA1-4BC7-A00A-1787C84EE48F}.Release|x86.ActiveCfg = Release|Win32
		{2055C252-BBA1-4BC7-A00A-1787C84EE48F}.Release|x86.Build.0 = Release|Win32
	EndGlobalSection
	GlobalSection(SolutionProperties) = preSolution
		HideSolutionNode = FALSE
	EndGlobalSection
	GlobalSection(NestedProjects) = preSolution
		{F2EFDF2A-49EA-4FFB-B573-036481F0E709} = {370C058D-7815-4FB0-9E63-AC702B02CC51}
		{EEB76177-A964-4E33-818B-213A816C2103} = {370C058D-7815-4FB0-9E63-AC702B02CC51}
		{36FA4024-2BC0-4AB8-B9FF-EF7A68BBB0D3} = {370C058D-7815-4FB0-9E63-AC702B02CC51}
		{3AB9972A-888A-4435-A7B8-E44ACCF59B5A} = {370C058D-7815-4FB0-9E63-AC702B02CC51}
		{D70418CF-3309-49A9-8FD9-B87AA9930C69} = {370C058D-7815-4FB0-9E63-AC702B02CC51}
		{12037762-3F2F-4287-BB27-F9E8BE442269} = {370C058D-7815-4FB0-9E63-AC702B02CC51}
		{B555C4A4-A2E1-452D-BD1E-0C370C435056} = {370C058D-7815-4FB0-9E63-AC702B02CC51}
		{E8825738-18C0-4454-8785-673B66EACA99} = {370C058D-7815-4FB0-9E63-AC702B02CC51}
		{F8748A4B-09DA-4738-BA8E-A803B972B2DA} = {F2EFDF2A-49EA-4FFB-B573-036481F0E709}
		{4A2E03FB-FBB5-4066-8AD4-B3E97372FF2A} = {EEB76177-A964-4E33-818B-213A816C2103}
		{88095B91-162E-4F58-9D8A-F3BF3F9B1213} = {EEB76177-A964-4E33-818B-213A816C2103}
		{1EF11169-0BB7-438F-A0A8-E091DDABA512} = {EEB76177-A964-4E33-818B-213A816C2103}
		{81CE8DAF-EBB2-4761-8E45-B71ABCCA8C68} = {4A2E03FB-FBB5-4066-8AD4-B3E97372FF2A}
		{DA956FD3-E142-46F2-9DD5-C78BEBB56B7A} = {4A2E03FB-FBB5-4066-8AD4-B3E97372FF2A}
		{AF490661-A652-4D5B-9CEE-75536D8330C4} = {4A2E03FB-FBB5-4066-8AD4-B3E97372FF2A}
		{2BD5534E-00E2-4BEA-AC96-D9A92EA24696} = {4A2E03FB-FBB5-4066-8AD4-B3E97372FF2A}
		{DDDBD07D-DC76-4AF6-8D02-3E2DEB6EE255} = {4A2E03FB-FBB5-4066-8AD4-B3E97372FF2A}
		{531302A4-1972-4DD5-A0CD-24EE1D93D2FB} = {4A2E03FB-FBB5-4066-8AD4-B3E97372FF2A}
		{B6B90309-0F84-4720-8C57-B4F07D0148E1} = {36FA4024-2BC0-4AB8-B9FF-EF7A68BBB0D3}
		{D760AAB9-E462-4798-B80F-F84A9AE30540} = {3AB9972A-888A-4435-A7B8-E44ACCF59B5A}
		{CF0DEAB9-A4E9-4BFC-B58C-E28DAE7D45DE} = {3AB9972A-888A-4435-A7B8-E44ACCF59B5A}
		{CC0EDCFB-C5A6-4BB2-A6DD-A43288D677C5} = {D70418CF-3309-49A9-8FD9-B87AA9930C69}
		{9C944826-FC11-43A6-A70D-4B5507542E39} = {D70418CF-3309-49A9-8FD9-B87AA9930C69}
		{D98ACEC5-2AB7-4E6F-84A6-8F3F94020BF6} = {CC0EDCFB-C5A6-4BB2-A6DD-A43288D677C5}
		{A4F96796-B98B-4863-8CBA-B026C8A6B4D8} = {CC0EDCFB-C5A6-4BB2-A6DD-A43288D677C5}
		{1748028F-F5CC-4159-A0EB-C5D1DF08346E} = {CC0EDCFB-C5A6-4BB2-A6DD-A43288D677C5}
		{49A05978-E401-4926-A385-767F594075E3} = {CC0EDCFB-C5A6-4BB2-A6DD-A43288D677C5}
		{E8A8D857-421E-4A57-A2A5-4EAA9B863C5B} = {CC0EDCFB-C5A6-4BB2-A6DD-A43288D677C5}
		{2055C252-BBA1-4BC7-A00A-1787C84EE48F} = {CC0EDCFB-C5A6-4BB2-A6DD-A43288D677C5}
		{0B582C4D-2886-494D-A585-1E90152E337F} = {12037762-3F2F-4287-BB27-F9E8BE442269}
		{DE320596-02AB-43D4-A9D4-C7D7C4BF9749} = {B555C4A4-A2E1-452D-BD1E-0C370C435056}
		{1BD80952-C4C8-4752-8AF6-799139FA6422} = {E8825738-18C0-4454-8785-673B66EACA99}
	EndGlobalSection
	GlobalSection(ExtensibilityGlobals) = postSolution
		SolutionGuid = {B8FE4B13-E5F8-40D1-A2FA-4D5FD6FAA2B2}
	EndGlobalSection
EndGlobal
