<?xml version="1.0" encoding="utf-8"?>
<Project ToolsVersion="4.0" xmlns="http://schemas.microsoft.com/developer/msbuild/2003">
  <ItemGroup>
    <Filter Include="Source Files">
      <UniqueIdentifier>{4FC737F1-C7A5-4376-A066-2A32D752A2FF}</UniqueIdentifier>
      <Extensions>cpp;c;cc;cxx;c++;cppm;ixx;def;odl;idl;hpj;bat;asm;asmx</Extensions>
    </Filter>
    <Filter Include="Header Files">
      <UniqueIdentifier>{93995380-89BD-4b04-88EB-625FBE52EBFB}</UniqueIdentifier>
      <Extensions>h;hh;hpp;hxx;h++;hm;inl;inc;ipp;xsd</Extensions>
    </Filter>
    <Filter Include="Header Files\impl">
      <UniqueIdentifier>{27129c25-569e-4fa0-bb07-aaa36bcc7878}</UniqueIdentifier>
    </Filter>
    <Filter Include="Source Files\impl">
      <UniqueIdentifier>{1d21bbd2-2e25-46cc-b611-ba3699b1ccbb}</UniqueIdentifier>
    </Filter>
  </ItemGroup>
  <ItemGroup>
    <ClCompile Include="..\..\..\..\..\external\libdatachannel\src\candidate.cpp">
      <Filter>Source Files</Filter>
    </ClCompile>
    <ClCompile Include="..\..\..\..\..\external\libdatachannel\src\capi.cpp">
      <Filter>Source Files</Filter>
    </ClCompile>
    <ClCompile Include="..\..\..\..\..\external\libdatachannel\src\channel.cpp">
      <Filter>Source Files</Filter>
    </ClCompile>
    <ClCompile Include="..\..\..\..\..\external\libdatachannel\src\configuration.cpp">
      <Filter>Source Files</Filter>
    </ClCompile>
    <ClCompile Include="..\..\..\..\..\external\libdatachannel\src\datachannel.cpp">
      <Filter>Source Files</Filter>
    </ClCompile>
    <ClCompile Include="..\..\..\..\..\external\libdatachannel\src\description.cpp">
      <Filter>Source Files</Filter>
    </ClCompile>
    <ClCompile Include="..\..\..\..\..\external\libdatachannel\src\global.cpp">
      <Filter>Source Files</Filter>
    </ClCompile>
    <ClCompile Include="..\..\..\..\..\external\libdatachannel\src\h264rtppacketizer.cpp">
      <Filter>Source Files</Filter>
    </ClCompile>
    <ClCompile Include="..\..\..\..\..\external\libdatachannel\src\message.cpp">
      <Filter>Source Files</Filter>
    </ClCompile>
    <ClCompile Include="..\..\..\..\..\external\libdatachannel\src\nalunit.cpp">
      <Filter>Source Files</Filter>
    </ClCompile>
    <ClCompile Include="..\..\..\..\..\external\libdatachannel\src\peerconnection.cpp">
      <Filter>Source Files</Filter>
    </ClCompile>
    <ClCompile Include="..\..\..\..\..\external\libdatachannel\src\rtcpnackresponder.cpp">
      <Filter>Source Files</Filter>
    </ClCompile>
    <ClCompile Include="..\..\..\..\..\external\libdatachannel\src\rtcpreceivingsession.cpp">
      <Filter>Source Files</Filter>
    </ClCompile>
    <ClCompile Include="..\..\..\..\..\external\libdatachannel\src\rtcpsrreporter.cpp">
      <Filter>Source Files</Filter>
    </ClCompile>
    <ClCompile Include="..\..\..\..\..\external\libdatachannel\src\rtp.cpp">
      <Filter>Source Files</Filter>
    </ClCompile>
    <ClCompile Include="..\..\..\..\..\external\libdatachannel\src\rtppacketizationconfig.cpp">
      <Filter>Source Files</Filter>
    </ClCompile>
    <ClCompile Include="..\..\..\..\..\external\libdatachannel\src\rtppacketizer.cpp">
      <Filter>Source Files</Filter>
    </ClCompile>
    <ClCompile Include="..\..\..\..\..\external\libdatachannel\src\track.cpp">
      <Filter>Source Files</Filter>
    </ClCompile>
    <ClCompile Include="..\..\..\..\..\external\libdatachannel\src\websocket.cpp">
      <Filter>Source Files</Filter>
    </ClCompile>
    <ClCompile Include="..\..\..\..\..\external\libdatachannel\src\websocketserver.cpp">
      <Filter>Source Files</Filter>
    </ClCompile>
    <ClCompile Include="..\..\..\..\..\external\libdatachannel\src\impl\certificate.cpp">
      <Filter>Source Files\impl</Filter>
    </ClCompile>
    <ClCompile Include="..\..\..\..\..\external\libdatachannel\src\impl\channel.cpp">
      <Filter>Source Files\impl</Filter>
    </ClCompile>
    <ClCompile Include="..\..\..\..\..\external\libdatachannel\src\impl\datachannel.cpp">
      <Filter>Source Files\impl</Filter>
    </ClCompile>
    <ClCompile Include="..\..\..\..\..\external\libdatachannel\src\impl\dtlssrtptransport.cpp">
      <Filter>Source Files\impl</Filter>
    </ClCompile>
    <ClCompile Include="..\..\..\..\..\external\libdatachannel\src\impl\dtlstransport.cpp">
      <Filter>Source Files\impl</Filter>
    </ClCompile>
    <ClCompile Include="..\..\..\..\..\external\libdatachannel\src\impl\icetransport.cpp">
      <Filter>Source Files\impl</Filter>
    </ClCompile>
    <ClCompile Include="..\..\..\..\..\external\libdatachannel\src\impl\init.cpp">
      <Filter>Source Files\impl</Filter>
    </ClCompile>
    <ClCompile Include="..\..\..\..\..\external\libdatachannel\src\impl\logcounter.cpp">
      <Filter>Source Files\impl</Filter>
    </ClCompile>
    <ClCompile Include="..\..\..\..\..\external\libdatachannel\src\impl\peerconnection.cpp">
      <Filter>Source Files\impl</Filter>
    </ClCompile>
    <ClCompile Include="..\..\..\..\..\external\libdatachannel\src\impl\pollinterrupter.cpp">
      <Filter>Source Files\impl</Filter>
    </ClCompile>
    <ClCompile Include="..\..\..\..\..\external\libdatachannel\src\impl\pollservice.cpp">
      <Filter>Source Files\impl</Filter>
    </ClCompile>
    <ClCompile Include="..\..\..\..\..\external\libdatachannel\src\impl\processor.cpp">
      <Filter>Source Files\impl</Filter>
    </ClCompile>
    <ClCompile Include="..\..\..\..\..\external\libdatachannel\src\impl\sctptransport.cpp">
      <Filter>Source Files\impl</Filter>
    </ClCompile>
    <ClCompile Include="..\..\..\..\..\external\libdatachannel\src\impl\sha.cpp">
      <Filter>Source Files\impl</Filter>
    </ClCompile>
    <ClCompile Include="..\..\..\..\..\external\libdatachannel\src\impl\tcpserver.cpp">
      <Filter>Source Files\impl</Filter>
    </ClCompile>
    <ClCompile Include="..\..\..\..\..\external\libdatachannel\src\impl\tcptransport.cpp">
      <Filter>Source Files\impl</Filter>
    </ClCompile>
    <ClCompile Include="..\..\..\..\..\external\libdatachannel\src\impl\threadpool.cpp">
      <Filter>Source Files\impl</Filter>
    </ClCompile>
    <ClCompile Include="..\..\..\..\..\external\libdatachannel\src\impl\tls.cpp">
      <Filter>Source Files\impl</Filter>
    </ClCompile>
    <ClCompile Include="..\..\..\..\..\external\libdatachannel\src\impl\tlstransport.cpp">
      <Filter>Source Files\impl</Filter>
    </ClCompile>
    <ClCompile Include="..\..\..\..\..\external\libdatachannel\src\impl\track.cpp">
      <Filter>Source Files\impl</Filter>
    </ClCompile>
    <ClCompile Include="..\..\..\..\..\external\libdatachannel\src\impl\transport.cpp">
      <Filter>Source Files\impl</Filter>
    </ClCompile>
    <ClCompile Include="..\..\..\..\..\external\libdatachannel\src\impl\utils.cpp">
      <Filter>Source Files\impl</Filter>
    </ClCompile>
    <ClCompile Include="..\..\..\..\..\external\libdatachannel\src\impl\verifiedtlstransport.cpp">
      <Filter>Source Files\impl</Filter>
    </ClCompile>
    <ClCompile Include="..\..\..\..\..\external\libdatachannel\src\impl\websocket.cpp">
      <Filter>Source Files\impl</Filter>
    </ClCompile>
    <ClCompile Include="..\..\..\..\..\external\libdatachannel\src\impl\websocketserver.cpp">
      <Filter>Source Files\impl</Filter>
    </ClCompile>
    <ClCompile Include="..\..\..\..\..\external\libdatachannel\src\impl\wshandshake.cpp">
      <Filter>Source Files\impl</Filter>
    </ClCompile>
    <ClCompile Include="..\..\..\..\..\external\libdatachannel\src\impl\wstransport.cpp">
      <Filter>Source Files\impl</Filter>
    </ClCompile>
    <ClCompile Include="..\..\..\..\..\external\libdatachannel\src\av1rtppacketizer.cpp">
      <Filter>Source Files</Filter>
    </ClCompile>
    <ClCompile Include="..\..\..\..\..\external\libdatachannel\src\h265nalunit.cpp">
      <Filter>Source Files</Filter>
    </ClCompile>
    <ClCompile Include="..\..\..\..\..\external\libdatachannel\src\h265rtppacketizer.cpp">
      <Filter>Source Files</Filter>
    </ClCompile>
    <ClCompile Include="..\..\..\..\..\external\libdatachannel\src\mediahandler.cpp">
      <Filter>Source Files</Filter>
    </ClCompile>
    <ClCompile Include="..\..\..\..\..\external\libdatachannel\src\plihandler.cpp">
      <Filter>Source Files</Filter>
    </ClCompile>
    <ClCompile Include="..\..\..\..\..\external\libdatachannel\src\impl\http.cpp">
      <Filter>Source Files\impl</Filter>
    </ClCompile>
    <ClCompile Include="..\..\..\..\..\external\libdatachannel\src\impl\httpproxytransport.cpp">
      <Filter>Source Files\impl</Filter>
    </ClCompile>
    <ClCompile Include="..\..\..\..\..\external\libdatachannel\src\h264rtpdepacketizer.cpp">
      <Filter>Source Files</Filter>
    </ClCompile>
    <ClCompile Include="..\..\..\..\..\external\libdatachannel\src\pacinghandler.cpp">
      <Filter>Source Files</Filter>
    </ClCompile>
    <ClCompile Include="..\..\..\..\..\external\libdatachannel\src\rembhandler.cpp">
      <Filter>Source Files</Filter>
    </ClCompile>
    <ClCompile Include="..\..\..\..\..\external\libdatachannel\src\rtpdepacketizer.cpp">
      <Filter>Source Files</Filter>
    </ClCompile>
  </ItemGroup>
  <ItemGroup>
    <ClInclude Include="..\..\..\..\..\external\libdatachannel\include\rtc\candidate.hpp">
      <Filter>Header Files</Filter>
    </ClInclude>
    <ClInclude Include="..\..\..\..\..\external\libdatachannel\include\rtc\channel.hpp">
      <Filter>Header Files</Filter>
    </ClInclude>
    <ClInclude Include="..\..\..\..\..\external\libdatachannel\include\rtc\common.hpp">
      <Filter>Header Files</Filter>
    </ClInclude>
    <ClInclude Include="..\..\..\..\..\external\libdatachannel\include\rtc\configuration.hpp">
      <Filter>Header Files</Filter>
    </ClInclude>
    <ClInclude Include="..\..\..\..\..\external\libdatachannel\include\rtc\datachannel.hpp">
      <Filter>Header Files</Filter>
    </ClInclude>
    <ClInclude Include="..\..\..\..\..\external\libdatachannel\include\rtc\description.hpp">
      <Filter>Header Files</Filter>
    </ClInclude>
    <ClInclude Include="..\..\..\..\..\external\libdatachannel\include\rtc\global.hpp">
      <Filter>Header Files</Filter>
    </ClInclude>
    <ClInclude Include="..\..\..\..\..\external\libdatachannel\include\rtc\h264rtppacketizer.hpp">
      <Filter>Header Files</Filter>
    </ClInclude>
    <ClInclude Include="..\..\..\..\..\external\libdatachannel\include\rtc\mediahandler.hpp">
      <Filter>Header Files</Filter>
    </ClInclude>
    <ClInclude Include="..\..\..\..\..\external\libdatachannel\include\rtc\message.hpp">
      <Filter>Header Files</Filter>
    </ClInclude>
    <ClInclude Include="..\..\..\..\..\external\libdatachannel\include\rtc\nalunit.hpp">
      <Filter>Header Files</Filter>
    </ClInclude>
    <ClInclude Include="..\..\..\..\..\external\libdatachannel\include\rtc\peerconnection.hpp">
      <Filter>Header Files</Filter>
    </ClInclude>
    <ClInclude Include="..\..\..\..\..\external\libdatachannel\include\rtc\reliability.hpp">
      <Filter>Header Files</Filter>
    </ClInclude>
    <ClInclude Include="..\..\..\..\..\external\libdatachannel\include\rtc\rtc.h">
      <Filter>Header Files</Filter>
    </ClInclude>
    <ClInclude Include="..\..\..\..\..\external\libdatachannel\include\rtc\rtcpnackresponder.hpp">
      <Filter>Header Files</Filter>
    </ClInclude>
    <ClInclude Include="..\..\..\..\..\external\libdatachannel\include\rtc\rtcpreceivingsession.hpp">
      <Filter>Header Files</Filter>
    </ClInclude>
    <ClInclude Include="..\..\..\..\..\external\libdatachannel\include\rtc\rtcpsrreporter.hpp">
      <Filter>Header Files</Filter>
    </ClInclude>
    <ClInclude Include="..\..\..\..\..\external\libdatachannel\include\rtc\rtp.hpp">
      <Filter>Header Files</Filter>
    </ClInclude>
    <ClInclude Include="..\..\..\..\..\external\libdatachannel\include\rtc\rtppacketizationconfig.hpp">
      <Filter>Header Files</Filter>
    </ClInclude>
    <ClInclude Include="..\..\..\..\..\external\libdatachannel\include\rtc\rtppacketizer.hpp">
      <Filter>Header Files</Filter>
    </ClInclude>
    <ClInclude Include="..\..\..\..\..\external\libdatachannel\include\rtc\track.hpp">
      <Filter>Header Files</Filter>
    </ClInclude>
    <ClInclude Include="..\..\..\..\..\external\libdatachannel\include\rtc\utils.hpp">
      <Filter>Header Files</Filter>
    </ClInclude>
    <ClInclude Include="..\..\..\..\..\external\libdatachannel\include\rtc\websocket.hpp">
      <Filter>Header Files</Filter>
    </ClInclude>
    <ClInclude Include="..\..\..\..\..\external\libdatachannel\include\rtc\websocketserver.hpp">
      <Filter>Header Files</Filter>
    </ClInclude>
    <ClInclude Include="..\..\..\..\..\external\libdatachannel\src\impl\certificate.hpp">
      <Filter>Header Files\impl</Filter>
    </ClInclude>
    <ClInclude Include="..\..\..\..\..\external\libdatachannel\src\impl\channel.hpp">
      <Filter>Header Files\impl</Filter>
    </ClInclude>
    <ClInclude Include="..\..\..\..\..\external\libdatachannel\src\impl\datachannel.hpp">
      <Filter>Header Files\impl</Filter>
    </ClInclude>
    <ClInclude Include="..\..\..\..\..\external\libdatachannel\src\impl\dtlssrtptransport.hpp">
      <Filter>Header Files\impl</Filter>
    </ClInclude>
    <ClInclude Include="..\..\..\..\..\external\libdatachannel\src\impl\dtlstransport.hpp">
      <Filter>Header Files\impl</Filter>
    </ClInclude>
    <ClInclude Include="..\..\..\..\..\external\libdatachannel\src\impl\icetransport.hpp">
      <Filter>Header Files\impl</Filter>
    </ClInclude>
    <ClInclude Include="..\..\..\..\..\external\libdatachannel\src\impl\init.hpp">
      <Filter>Header Files\impl</Filter>
    </ClInclude>
    <ClInclude Include="..\..\..\..\..\external\libdatachannel\src\impl\internals.hpp">
      <Filter>Header Files\impl</Filter>
    </ClInclude>
    <ClInclude Include="..\..\..\..\..\external\libdatachannel\src\impl\logcounter.hpp">
      <Filter>Header Files\impl</Filter>
    </ClInclude>
    <ClInclude Include="..\..\..\..\..\external\libdatachannel\src\impl\peerconnection.hpp">
      <Filter>Header Files\impl</Filter>
    </ClInclude>
    <ClInclude Include="..\..\..\..\..\external\libdatachannel\src\impl\pollinterrupter.hpp">
      <Filter>Header Files\impl</Filter>
    </ClInclude>
    <ClInclude Include="..\..\..\..\..\external\libdatachannel\src\impl\pollservice.hpp">
      <Filter>Header Files\impl</Filter>
    </ClInclude>
    <ClInclude Include="..\..\..\..\..\external\libdatachannel\src\impl\processor.hpp">
      <Filter>Header Files\impl</Filter>
    </ClInclude>
    <ClInclude Include="..\..\..\..\..\external\libdatachannel\src\impl\queue.hpp">
      <Filter>Header Files\impl</Filter>
    </ClInclude>
    <ClInclude Include="..\..\..\..\..\external\libdatachannel\src\impl\sctptransport.hpp">
      <Filter>Header Files\impl</Filter>
    </ClInclude>
    <ClInclude Include="..\..\..\..\..\external\libdatachannel\src\impl\sha.hpp">
      <Filter>Header Files\impl</Filter>
    </ClInclude>
    <ClInclude Include="..\..\..\..\..\external\libdatachannel\src\impl\tcpserver.hpp">
      <Filter>Header Files\impl</Filter>
    </ClInclude>
    <ClInclude Include="..\..\..\..\..\external\libdatachannel\src\impl\tcptransport.hpp">
      <Filter>Header Files\impl</Filter>
    </ClInclude>
    <ClInclude Include="..\..\..\..\..\external\libdatachannel\src\impl\threadpool.hpp">
      <Filter>Header Files\impl</Filter>
    </ClInclude>
    <ClInclude Include="..\..\..\..\..\external\libdatachannel\src\impl\tls.hpp">
      <Filter>Header Files\impl</Filter>
    </ClInclude>
    <ClInclude Include="..\..\..\..\..\external\libdatachannel\src\impl\track.hpp">
      <Filter>Header Files\impl</Filter>
    </ClInclude>
    <ClInclude Include="..\..\..\..\..\external\libdatachannel\src\impl\transport.hpp">
      <Filter>Header Files\impl</Filter>
    </ClInclude>
    <ClInclude Include="..\..\..\..\..\external\libdatachannel\src\impl\verifiedtlstransport.hpp">
      <Filter>Header Files\impl</Filter>
    </ClInclude>
    <ClInclude Include="..\..\..\..\..\external\libdatachannel\src\impl\utils.hpp">
      <Filter>Header Files\impl</Filter>
    </ClInclude>
    <ClInclude Include="..\..\..\..\..\external\libdatachannel\src\impl\websocket.hpp">
      <Filter>Header Files\impl</Filter>
    </ClInclude>
    <ClInclude Include="..\..\..\..\..\external\libdatachannel\src\impl\wshandshake.hpp">
      <Filter>Header Files\impl</Filter>
    </ClInclude>
    <ClInclude Include="..\..\..\..\..\external\libdatachannel\src\impl\wstransport.hpp">
      <Filter>Header Files\impl</Filter>
    </ClInclude>
    <ClInclude Include="..\..\..\..\..\external\libdatachannel\src\impl\tlstransport.hpp">
      <Filter>Header Files\impl</Filter>
    </ClInclude>
    <ClInclude Include="..\..\..\..\..\external\libdatachannel\src\impl\websocketserver.hpp">
      <Filter>Header Files\impl</Filter>
    </ClInclude>
    <ClInclude Include="..\..\..\..\..\external\libdatachannel\include\rtc\av1rtppacketizer.hpp">
      <Filter>Header Files</Filter>
    </ClInclude>
    <ClInclude Include="..\..\..\..\..\external\libdatachannel\include\rtc\h265nalunit.hpp">
      <Filter>Header Files</Filter>
    </ClInclude>
    <ClInclude Include="..\..\..\..\..\external\libdatachannel\include\rtc\h265rtppacketizer.hpp">
      <Filter>Header Files</Filter>
    </ClInclude>
    <ClInclude Include="..\..\..\..\..\external\libdatachannel\include\rtc\plihandler.hpp">
      <Filter>Header Files</Filter>
    </ClInclude>
    <ClInclude Include="..\..\..\..\..\external\libdatachannel\include\rtc\rtc.hpp">
      <Filter>Header Files</Filter>
    </ClInclude>
    <ClInclude Include="..\..\..\..\..\external\libdatachannel\src\impl\http.hpp">
      <Filter>Header Files\impl</Filter>
    </ClInclude>
    <ClInclude Include="..\..\..\..\..\external\libdatachannel\src\impl\httpproxytransport.hpp">
      <Filter>Header Files\impl</Filter>
    </ClInclude>
    <ClInclude Include="..\..\..\..\..\external\libdatachannel\src\impl\socket.hpp">
      <Filter>Header Files\impl</Filter>
    </ClInclude>
  </ItemGroup>
</Project>
